
Microsoft Visual Studio Solution File, Format Version 12.00
# Visual Studio Version 17
VisualStudioVersion = 17.13.35919.96 d17.13
MinimumVisualStudioVersion = 10.0.40219.1
Project("{FAE04EC0-301F-11D3-BF4B-00C04F79EFBC}") = "PRACTICA 23", "PRACTICA 23.csproj", "{12C8FFBF-125C-4C03-9471-CC9E9FB837ED}"
EndProject
Global
	GlobalSection(SolutionConfigurationPlatforms) = preSolution
		Debug|Any CPU = Debug|Any CPU
		Release|Any CPU = Release|Any CPU
	EndGlobalSection
	GlobalSection(ProjectConfigurationPlatforms) = postSolution
		{12C8FFBF-125C-4C03-9471-CC9E9FB837ED}.Debug|Any CPU.ActiveCfg = Debug|Any CPU
		{12C8FFBF-125C-4C03-9471-CC9E9FB837ED}.Debug|Any CPU.Build.0 = Debug|Any CPU
		{12C8FFBF-125C-4C03-9471-CC9E9FB837ED}.Release|Any CPU.ActiveCfg = Release|Any CPU
		{12C8FFBF-125C-4C03-9471-CC9E9FB837ED}.Release|Any CPU.Build.0 = Release|Any CPU
	EndGlobalSection
	GlobalSection(SolutionProperties) = preSolution
		HideSolutionNode = FALSE
	EndGlobalSection
	GlobalSection(ExtensibilityGlobals) = postSolution
		SolutionGuid = {807637A6-2774-4C18-84FD-45071929CDD3}
	EndGlobalSection
EndGlobal
