
Microsoft Visual Studio Solution File, Format Version 12.00
# Visual Studio Version 17
VisualStudioVersion = 17.13.35919.96 d17.13
MinimumVisualStudioVersion = 10.0.40219.1
Project("{FAE04EC0-301F-11D3-BF4B-00C04F79EFBC}") = "PRACTICA13", "PRACTICA13.csproj", "{23EF707A-FED8-4738-B3EF-3901D737176A}"
EndProject
Global
	GlobalSection(SolutionConfigurationPlatforms) = preSolution
		Debug|Any CPU = Debug|Any CPU
		Release|Any CPU = Release|Any CPU
	EndGlobalSection
	GlobalSection(ProjectConfigurationPlatforms) = postSolution
		{23EF707A-FED8-4738-B3EF-3901D737176A}.Debug|Any CPU.ActiveCfg = Debug|Any CPU
		{23EF707A-FED8-4738-B3EF-3901D737176A}.Debug|Any CPU.Build.0 = Debug|Any CPU
		{23EF707A-FED8-4738-B3EF-3901D737176A}.Release|Any CPU.ActiveCfg = Release|Any CPU
		{23EF707A-FED8-4738-B3EF-3901D737176A}.Release|Any CPU.Build.0 = Release|Any CPU
	EndGlobalSection
	GlobalSection(SolutionProperties) = preSolution
		HideSolutionNode = FALSE
	EndGlobalSection
	GlobalSection(ExtensibilityGlobals) = postSolution
		SolutionGuid = {F792926B-28AA-478B-B6A4-39EC3A26158A}
	EndGlobalSection
EndGlobal
